
Microsoft Visual Studio Solution File, Format Version 12.00
# Visual Studio Version 17
VisualStudioVersion = 17.4.33122.133
MinimumVisualStudioVersion = 10.0.40219.1
Project("{9A19103F-16F7-4668-BE54-9A1E7A4F7556}") = "Chatbot.Domain", "Chatbot.Domain\Chatbot.Domain.csproj", "{35D81A43-57DF-44E8-952D-13531CB42892}"
EndProject
Project("{9A19103F-16F7-4668-BE54-9A1E7A4F7556}") = "Database.SQLServer", "Database.SQLServer\Database.SQLServer.csproj", "{872F51AC-9D60-4703-BFD3-2ECB07496E2E}"
EndProject
Project("{2150E333-8FDC-42A3-9474-1A3956D46DE8}") = "Inbound", "Inbound", "{977ECCBB-AD2F-4115-B2FC-A695819101FA}"
EndProject
Project("{2150E333-8FDC-42A3-9474-1A3956D46DE8}") = "Outbound", "Outbound", "{7E556E07-BFF2-4A5F-A7CF-49EAB00F1B52}"
EndProject
Project("{9A19103F-16F7-4668-BE54-9A1E7A4F7556}") = "Database.SqlServer.Tests", "Database.SqlServer.Tests\Database.SqlServer.Tests.csproj", "{CCEBBA6D-FCAA-4326-BFEF-75470204EA0A}"
EndProject
Project("{2150E333-8FDC-42A3-9474-1A3956D46DE8}") = "Tests", "Tests", "{931C0D27-4F60-41B0-9D91-BB68A0A40F42}"
EndProject
Project("{9A19103F-16F7-4668-BE54-9A1E7A4F7556}") = "Chatbot.Domain.Tests", "Chatbot.Domain.Tests\Chatbot.Domain.Tests.csproj", "{704B68D1-8A81-4798-919F-6DDAC3AC0403}"
EndProject
Project("{9A19103F-16F7-4668-BE54-9A1E7A4F7556}") = "ChatbotRestAPI.Tests", "ChatbotRestAPI.Tests\ChatbotRestAPI.Tests.csproj", "{5E5E1819-090C-4684-9D23-1D1686E37892}"
EndProject
Project("{2150E333-8FDC-42A3-9474-1A3956D46DE8}") = "Tests", "Tests", "{2C3C7D55-12A7-4355-9088-B3549B483AC9}"
EndProject
Project("{2150E333-8FDC-42A3-9474-1A3956D46DE8}") = "Tests", "Tests", "{A4036073-ABB9-4DA2-829D-07B080D2523E}"
EndProject
Project("{9A19103F-16F7-4668-BE54-9A1E7A4F7556}") = "WebHost", "WebHost\WebHost.csproj", "{FEB64502-B0A8-443B-ADE8-CD69A2AAF6B3}"
EndProject
Project("{9A19103F-16F7-4668-BE54-9A1E7A4F7556}") = "ChatbotRestAPI", "ChatbotRestAPI\ChatbotRestAPI.csproj", "{7DF5530B-B56A-46F9-9D00-A25AC202B339}"
EndProject
Project("{9A19103F-16F7-4668-BE54-9A1E7A4F7556}") = "TrainingDataProviderAPI", "TrainingDataProviderAPI\TrainingDataProviderAPI.csproj", "{750F8DE7-0C11-4F8B-8FE8-36BAA7E81CFB}"
EndProject
Global
	GlobalSection(SolutionConfigurationPlatforms) = preSolution
		Debug|Any CPU = Debug|Any CPU
		Release|Any CPU = Release|Any CPU
	EndGlobalSection
	GlobalSection(ProjectConfigurationPlatforms) = postSolution
		{35D81A43-57DF-44E8-952D-13531CB42892}.Debug|Any CPU.ActiveCfg = Debug|Any CPU
		{35D81A43-57DF-44E8-952D-13531CB42892}.Debug|Any CPU.Build.0 = Debug|Any CPU
		{35D81A43-57DF-44E8-952D-13531CB42892}.Release|Any CPU.ActiveCfg = Release|Any CPU
		{35D81A43-57DF-44E8-952D-13531CB42892}.Release|Any CPU.Build.0 = Release|Any CPU
		{872F51AC-9D60-4703-BFD3-2ECB07496E2E}.Debug|Any CPU.ActiveCfg = Debug|Any CPU
		{872F51AC-9D60-4703-BFD3-2ECB07496E2E}.Debug|Any CPU.Build.0 = Debug|Any CPU
		{872F51AC-9D60-4703-BFD3-2ECB07496E2E}.Release|Any CPU.ActiveCfg = Release|Any CPU
		{872F51AC-9D60-4703-BFD3-2ECB07496E2E}.Release|Any CPU.Build.0 = Release|Any CPU
		{CCEBBA6D-FCAA-4326-BFEF-75470204EA0A}.Debug|Any CPU.ActiveCfg = Debug|Any CPU
		{CCEBBA6D-FCAA-4326-BFEF-75470204EA0A}.Debug|Any CPU.Build.0 = Debug|Any CPU
		{CCEBBA6D-FCAA-4326-BFEF-75470204EA0A}.Release|Any CPU.ActiveCfg = Release|Any CPU
		{CCEBBA6D-FCAA-4326-BFEF-75470204EA0A}.Release|Any CPU.Build.0 = Release|Any CPU
		{704B68D1-8A81-4798-919F-6DDAC3AC0403}.Debug|Any CPU.ActiveCfg = Debug|Any CPU
		{704B68D1-8A81-4798-919F-6DDAC3AC0403}.Debug|Any CPU.Build.0 = Debug|Any CPU
		{704B68D1-8A81-4798-919F-6DDAC3AC0403}.Release|Any CPU.ActiveCfg = Release|Any CPU
		{704B68D1-8A81-4798-919F-6DDAC3AC0403}.Release|Any CPU.Build.0 = Release|Any CPU
		{5E5E1819-090C-4684-9D23-1D1686E37892}.Debug|Any CPU.ActiveCfg = Debug|Any CPU
		{5E5E1819-090C-4684-9D23-1D1686E37892}.Debug|Any CPU.Build.0 = Debug|Any CPU
		{5E5E1819-090C-4684-9D23-1D1686E37892}.Release|Any CPU.ActiveCfg = Release|Any CPU
		{5E5E1819-090C-4684-9D23-1D1686E37892}.Release|Any CPU.Build.0 = Release|Any CPU
		{FEB64502-B0A8-443B-ADE8-CD69A2AAF6B3}.Debug|Any CPU.ActiveCfg = Debug|Any CPU
		{FEB64502-B0A8-443B-ADE8-CD69A2AAF6B3}.Debug|Any CPU.Build.0 = Debug|Any CPU
		{FEB64502-B0A8-443B-ADE8-CD69A2AAF6B3}.Release|Any CPU.ActiveCfg = Release|Any CPU
		{FEB64502-B0A8-443B-ADE8-CD69A2AAF6B3}.Release|Any CPU.Build.0 = Release|Any CPU
		{7DF5530B-B56A-46F9-9D00-A25AC202B339}.Debug|Any CPU.ActiveCfg = Debug|Any CPU
		{7DF5530B-B56A-46F9-9D00-A25AC202B339}.Debug|Any CPU.Build.0 = Debug|Any CPU
		{7DF5530B-B56A-46F9-9D00-A25AC202B339}.Release|Any CPU.ActiveCfg = Release|Any CPU
		{7DF5530B-B56A-46F9-9D00-A25AC202B339}.Release|Any CPU.Build.0 = Release|Any CPU
		{750F8DE7-0C11-4F8B-8FE8-36BAA7E81CFB}.Debug|Any CPU.ActiveCfg = Debug|Any CPU
		{750F8DE7-0C11-4F8B-8FE8-36BAA7E81CFB}.Debug|Any CPU.Build.0 = Debug|Any CPU
		{750F8DE7-0C11-4F8B-8FE8-36BAA7E81CFB}.Release|Any CPU.ActiveCfg = Release|Any CPU
		{750F8DE7-0C11-4F8B-8FE8-36BAA7E81CFB}.Release|Any CPU.Build.0 = Release|Any CPU
	EndGlobalSection
	GlobalSection(SolutionProperties) = preSolution
		HideSolutionNode = FALSE
	EndGlobalSection
	GlobalSection(NestedProjects) = preSolution
		{872F51AC-9D60-4703-BFD3-2ECB07496E2E} = {7E556E07-BFF2-4A5F-A7CF-49EAB00F1B52}
		{CCEBBA6D-FCAA-4326-BFEF-75470204EA0A} = {A4036073-ABB9-4DA2-829D-07B080D2523E}
		{704B68D1-8A81-4798-919F-6DDAC3AC0403} = {931C0D27-4F60-41B0-9D91-BB68A0A40F42}
		{5E5E1819-090C-4684-9D23-1D1686E37892} = {2C3C7D55-12A7-4355-9088-B3549B483AC9}
		{2C3C7D55-12A7-4355-9088-B3549B483AC9} = {977ECCBB-AD2F-4115-B2FC-A695819101FA}
		{A4036073-ABB9-4DA2-829D-07B080D2523E} = {7E556E07-BFF2-4A5F-A7CF-49EAB00F1B52}
		{7DF5530B-B56A-46F9-9D00-A25AC202B339} = {977ECCBB-AD2F-4115-B2FC-A695819101FA}
		{750F8DE7-0C11-4F8B-8FE8-36BAA7E81CFB} = {977ECCBB-AD2F-4115-B2FC-A695819101FA}
	EndGlobalSection
	GlobalSection(ExtensibilityGlobals) = postSolution
		SolutionGuid = {6432CC31-A9D3-40F5-8004-4375D06E0E55}
	EndGlobalSection
EndGlobal
